---
lockfileVersion: '9.0'

importers:

  .:
    configDependencies: {}
    packageManagerDependencies:
      pnpm:
        specifier: 12.9.1
        version: 12.9.1

packages:

  '@pnpm/exe.android-arm64@12.9.1':
    resolution: {integrity: sha512-Hgm1XdqMTfBC8PdGLL+NjZWv4xyi7D6XNrN9fb24XGYlyTBmUtdCefKnCLmHujShRD8BEO1zqM30SNcKBDLysw==}
    cpu: [arm64]
    os: [android]

  '@pnpm/exe.android-x64@12.9.1':
    resolution: {integrity: sha512-WDGCe6jZRVZP3RC/q6hOkZylkPkIQIi1/GcrR/d/YzbihhAHXCczrk+UYnV5TgbsEnAYO7Cx+2rX3nfhHvy24w==}
    cpu: [x64]
    os: [android]

  '@pnpm/exe.darwin-arm64@12.9.1':
    resolution: {integrity: sha512-+7iiEEBgYN9szPWUnAuN6eOVMTI6Hrki5bcuC9n9xl9tTnT53Tpxpo45Hml+W4IrAU0d+Tmd0sPnVIbX59PD6w==}
    cpu: [arm64]
    os: [darwin]

  '@pnpm/exe.darwin-x64@12.9.1':
    resolution: {integrity: sha512-SK7TxJiR12GbJZGffRFHItkc+Mx+99v6xMMJ9/X//8NwWV1wo17a2bwfGI8qZpl17YwsrmPEFOOqhzE1GIlrtQ==}
    cpu: [x64]
    os: [darwin]

  '@pnpm/exe.freebsd-x64@12.9.1':
    resolution: {integrity: sha512-4AjLk6uvTs2iO6wMit2hcxJ2M32xb7OV5SNFk+w6G8/NzcjcMB7ENEpyeXyLiP0kcnp8uaCGUct2NfrLCJ35eQ==}
    cpu: [x64]
    os: [freebsd]

  '@pnpm/exe.linux-arm64-musl@12.9.1':
    resolution: {integrity: sha512-dZL2ES1ckDWM9v+EtxoOklZ0WNdtayooi9iLiDUubopudX3zXPNR2mlrxBRgjbDgECOndQen2SmyxL5eZiBuKw==}
    cpu: [arm64]
    os: [linux]
    libc: [musl]

  '@pnpm/exe.linux-arm64@12.9.1':
    resolution: {integrity: sha512-cx+uF6xqwEtm7B8NV+1ve0xBg9gcuzQZ5R+0WgOWvKG/h978UljS6BgWs1ipIGuGgUdeVhm3PKmBltXIcczLXA==}
    cpu: [arm64]
    os: [linux]
    libc: [glibc]

  '@pnpm/exe.linux-ppc64@12.9.1':
    resolution: {integrity: sha512-MpjPsy4XR17zAtLziQZfsN+wveWa/bUJggZtwfo3+SuyRmXnSvVkFD4+v8/3RTWyYaM6mwLUTjZDJ+g3urL+ew==}
    cpu: [ppc64]
    os: [linux]
    libc: [glibc]

  '@pnpm/exe.linux-riscv64@12.9.1':
    resolution: {integrity: sha512-Oo67TKqqH+Bno+L6X7Xyorwp1QG82zKIkL0vbo1x2kcPTDiyPbdM+d6lIs4+hzeB1KHT5FDoGzZj2dad7Ft+eg==}
    cpu: [riscv64]
    os: [linux]
    libc: [glibc]

  '@pnpm/exe.linux-s390x@12.9.1':
    resolution: {integrity: sha512-QAD5FRCdW36HfD58BV7DoDm6z8yv+GgSqcUV1+ERwYjpVQuG6ZTpf5o0x3KDas8eTLIW7MLYVdDdlAurWeArEg==}
    cpu: [s390x]
    os: [linux]
    libc: [glibc]

  '@pnpm/exe.linux-x64-musl@12.9.1':
    resolution: {integrity: sha512-mQDhBsGqcTkrLQM4q5igmRFcr6EAl4UM/FGawY+0CWGcqPpUmYUvDy9LHy80xxkHIWVJ886gvvso2XOjfav1Jw==}
    cpu: [x64]
    os: [linux]
    libc: [musl]

  '@pnpm/exe.linux-x64@12.9.1':
    resolution: {integrity: sha512-+M5N74hM4fc87AAckxx/UIW+dUnWf2eko+HchJs/NZUxehLhekNyMI/GNaNXlvd+kWR+97XXBD51XRkkNiUtrA==}
    cpu: [x64]
    os: [linux]
    libc: [glibc]

  '@pnpm/exe.win32-arm64@12.9.1':
    resolution: {integrity: sha512-mI28C2wxobrDi6x1OYhBRyG10hnDq/4sEIyy5RzoX6LB4kLuv6K/d25HOpMwlW20cuM4M72k9NZpOdcmUxMbEA==}
    cpu: [arm64]
    os: [win32]

  '@pnpm/exe.win32-x64@12.9.1':
    resolution: {integrity: sha512-SWoDMT0oD7NrDSIoPpkKD09D9fAQKNjwFZ3lezlCUhAfXxMv70zsfrNT2/P+GoCK2kefXF9OysUZkH1l5vvvfA==}
    cpu: [x64]
    os: [win32]

  pnpm@12.9.1:
    resolution: {integrity: sha512-BrBV//XNINwSeB3hc87TMQzglRvy7GICEaFgRdVETVyTpmMhB2TvKaZTphBFm6A2jw50+E2AxUcjz5Wq57wNbQ==}
    engines: {node: '>=18.*'}
    hasBin: true

snapshots:

  '@pnpm/exe.android-arm64@12.9.1':
    optional: true

  '@pnpm/exe.android-x64@12.9.1':
    optional: true

  '@pnpm/exe.darwin-arm64@12.9.1':
    optional: true

  '@pnpm/exe.darwin-x64@12.9.1':
    optional: true

  '@pnpm/exe.freebsd-x64@12.9.1':
    optional: true

  '@pnpm/exe.linux-arm64-musl@12.9.1':
    optional: true

  '@pnpm/exe.linux-arm64@12.9.1':
    optional: true

  '@pnpm/exe.linux-ppc64@12.9.1':
    optional: true

  '@pnpm/exe.linux-riscv64@12.9.1':
    optional: true

  '@pnpm/exe.linux-s390x@12.9.1':
    optional: true

  '@pnpm/exe.linux-x64-musl@12.9.1':
    optional: true

  '@pnpm/exe.linux-x64@12.9.1':
    optional: true

  '@pnpm/exe.win32-arm64@12.9.1':
    optional: true

  '@pnpm/exe.win32-x64@12.9.1':
    optional: true

  pnpm@12.9.1:
    optionalDependencies:
      '@pnpm/exe.android-arm64': 12.9.1
      '@pnpm/exe.android-x64': 12.9.1
      '@pnpm/exe.darwin-arm64': 12.9.1
      '@pnpm/exe.darwin-x64': 12.9.1
      '@pnpm/exe.freebsd-x64': 12.9.1
      '@pnpm/exe.linux-arm64': 12.9.1
      '@pnpm/exe.linux-arm64-musl': 12.9.1
      '@pnpm/exe.linux-ppc64': 12.9.1
      '@pnpm/exe.linux-riscv64': 12.9.1
      '@pnpm/exe.linux-s390x': 12.9.1
      '@pnpm/exe.linux-x64': 12.9.1
      '@pnpm/exe.linux-x64-musl': 12.9.1
      '@pnpm/exe.win32-arm64': 12.9.1
      '@pnpm/exe.win32-x64': 12.9.1

---
lockfileVersion: '9.0'

settings:
  autoInstallPeers: true
  excludeLinksFromLockfile: false

catalogs:
  default:
    '@date-fns/utc':
      specifier: ^2.1.1
      version: 2.1.1
    date-fns:
      specifier: ^4.4.0
      version: 4.4.0
    zod:
      specifier: ^4.6.5
      version: 4.6.5

importers:

  .:
    devDependencies:
      '@rslint/core':
        specifier: ^0.9.4
        version: 0.9.4(jiti@2.7.0)
      '@rstest/core':
        specifier: ^0.12.3
        version: 0.12.3
      '@rstest/coverage-istanbul':
        specifier: ^0.12.3
        version: 0.12.3(@rstest/core@0.12.3)(supports-color@7.2.0)
      '@types/node':
        specifier: ^26.6.4
        version: 26.6.4
      dependency-cruiser:
        specifier: ^18.5.0
        version: 18.5.0
      expect-type:
        specifier: ^1.4.0
        version: 1.4.0
      fast-check:
        specifier: ^4.10.2
        version: 4.10.2
      jiti:
        specifier: ^2.7.0
        version: 2.7.0
      prettier:
        specifier: ^3.9.9
        version: 3.9.9
      typescript:
        specifier: ^6.0.3
        version: 6.0.3

  packages/delivery-contract:
    dependencies:
      '@baseline/host-contract':
        specifier: workspace:^
        version: link:../host-contract
      '@baseline/people-contract':
        specifier: workspace:^
        version: link:../people-contract
    devDependencies:
      zod:
        specifier: 'catalog:'
        version: 4.6.5

  packages/delivery-domain:
    dependencies:
      '@baseline/delivery-contract':
        specifier: workspace:^
        version: link:../delivery-contract
      '@baseline/host-contract':
        specifier: workspace:^
        version: link:../host-contract
      '@baseline/people-contract':
        specifier: workspace:^
        version: link:../people-contract
      '@date-fns/utc':
        specifier: 'catalog:'
        version: 2.1.1
      date-fns:
        specifier: 'catalog:'
        version: 4.4.0
      zod:
        specifier: 'catalog:'
        version: 4.6.5

  packages/host-contract:
    devDependencies:
      zod:
        specifier: 'catalog:'
        version: 4.6.5

  packages/people-contract:
    dependencies:
      '@baseline/host-contract':
        specifier: workspace:^
        version: link:../host-contract
    devDependencies:
      zod:
        specifier: 'catalog:'
        version: 4.6.5

  packages/people-domain:
    dependencies:
      '@baseline/delivery-contract':
        specifier: workspace:^
        version: link:../delivery-contract
      '@baseline/host-contract':
        specifier: workspace:^
        version: link:../host-contract
      '@baseline/people-contract':
        specifier: workspace:^
        version: link:../people-contract
      '@date-fns/utc':
        specifier: 'catalog:'
        version: 2.1.1
      date-fns:
        specifier: 'catalog:'
        version: 4.4.0
      zod:
        specifier: 'catalog:'
        version: 4.6.5

packages:

  '@date-fns/utc@2.1.1':
    resolution: {integrity: sha512-SlJDfG6RPeEX8wEVv6ZB3kak4MmbtyiI2qX/5zuKdordbrhB/iaJ58GVMZgJ6P1sJaM1gMgENFYYeg1JWrCFrA==}

  '@emnapi/core@1.11.3':
    resolution: {integrity: sha512-zLpS5asjEb7lq8jYLq37N6XKaE41DIexlY1rF/z4/tIl3wo13Sqm28fRyfIsKZD+NZ8mM5RoKkpW/rBcuoSZSg==}

  '@emnapi/runtime@1.11.3':
    resolution: {integrity: sha512-Xz4Tpyki7XyrpbUK1jR1AhdAdaXyhhY4lZ3neLodmhpuWfy2PAQN5B46sAiU4liOXGLkHypn/qU+jvfWSCYYLA==}

  '@emnapi/wasi-threads@1.2.3':
    resolution: {integrity: sha512-ELEBe8PsLvvJ6QMr0zLt8ffvOHW/dc1m3CEzNMg7aJUv3bMaoDtw2TXyDAwkYBuroxxuHEwhRTLJSe5sya547g==}

  '@jridgewell/resolve-uri@3.1.2':
    resolution: {integrity: sha512-bRISgCIjP20/tbWSPWMEi54QVPRZExkuD9lJL+UIxUKtwVJA8wW1Trb1jMs1RFXo1CBTNZ/5hpC9QvmKWdopKw==}
    engines: {node: '>=6.0.0'}

  '@jridgewell/sourcemap-codec@1.6.0':
    resolution: {integrity: sha512-T7jf+5zgsZHwNJ4lvQ7/aezbyk0nNX+zJVWpmHA7VYsEx7a7qr5Rg5IbtJFqkgze5Y2sruq1RUY8Q837Od7iFw==}

  '@jridgewell/trace-mapping@0.3.31':
    resolution: {integrity: sha512-zzNR+SdQSDJzc8joaeP8QQoCQr8NuYx2dIIytl1QeBEZHJ9uW6hebsrYgbz8hJwUQao3TWCMtmfV8Nu1twOLAw==}

  '@napi-rs/wasm-runtime@1.1.6':
    resolution: {integrity: sha512-ZLv/JdUfkvOy9eCnnBaGfiO+XimbjebAeO+MRQqD/B+FR1tnRN0tpKSJHRbE8sFfS6aqsXZ67TQjfwfsxULVbg==}
    peerDependencies:
      '@emnapi/core': ^1.7.1
      '@emnapi/runtime': ^1.7.1

  '@rsbuild/core@2.2.11':
    resolution: {integrity: sha512-avPW0j6RaEbtV2mfl0AzTAJEimPX4Xj0pCcZyxNCrE9vkS91HmweM5V7XQj3kI5iTYfHRp9Y6To8RRHYLEvG7A==}
    engines: {node: ^20.19.0 || >=22.12.0}
    hasBin: true
    peerDependencies:
      core-js: '>= 3.0.0'
    peerDependenciesMeta:
      core-js:
        optional: true

  '@rslint/core@0.9.4':
    resolution: {integrity: sha512-qpmt399eGunO9z955l2LN1i4wQP8iqy5E8+PdurCp7enIN3iOEXQp1pQuAP0l6E4meHUSIvkU73YUjS+P+4qYw==}
    hasBin: true
    peerDependencies:
      jiti: ^2.7.0
    peerDependenciesMeta:
      jiti:
        optional: true

  '@rslint/native-darwin-arm64@0.9.4':
    resolution: {integrity: sha512-E6Os4F6G7Ggy/gqrhoLjs8tVW+tURv0zmV+MXVUKApCztDpPDUT6a5WEnKN/v+zX3QuSKpk7m0sIcAAdWLkyNg==}
    cpu: [arm64]
    os: [darwin]

  '@rslint/native-darwin-x64@0.9.4':
    resolution: {integrity: sha512-omtr1D1lzOwJoZpQUZ4J5DKs2HKnRwJwwiqsTLGLdhuYERPgHxsEmT10+MRyQp8bn8Usj9F0bXUnZFqRBEvvzg==}
    cpu: [x64]
    os: [darwin]

  '@rslint/native-linux-arm64-gnu@0.9.4':
    resolution: {integrity: sha512-O0qy8wTlhOAhx6aEHBsPm71kqzjRRdS9RKL5lO7+dXoIzIgaNnH84l8Ej2+Xsc+z8zfvWkumfGFnIyxT8LFB/A==}
    cpu: [arm64]
    os: [linux]
    libc: [glibc]

  '@rslint/native-linux-arm64-musl@0.9.4':
    resolution: {integrity: sha512-EqoQTEeJG58wlPczxDsUD4lmozlDiBKHCZq8kea8aEiCQFpSe2JAGyvUAKakG54YJGHsvQX6y/uIQJpsZ280fw==}
    cpu: [arm64]
    os: [linux]
    libc: [musl]

  '@rslint/native-linux-x64-gnu@0.9.4':
    resolution: {integrity: sha512-VW+J/YiUd0Z0go1ocNWrbYbclxhFdqw7FWiEJibb8syCxrJcComOJYEjmz5OsMIjimagXsZjnv+H0lSx6D3ouw==}
    cpu: [x64]
    os: [linux]
    libc: [glibc]

  '@rslint/native-linux-x64-musl@0.9.4':
    resolution: {integrity: sha512-igVMYD4pj/a51i4GvwIzWTJlislLMYpg4TqrdpcWlURT/iFAW96w1nuDlyBjgr5zLbgdkZTp2Gd5pyL+M2AO6Q==}
    cpu: [x64]
    os: [linux]
    libc: [musl]

  '@rslint/native-win32-arm64-msvc@0.9.4':
    resolution: {integrity: sha512-0Mcr1W/T814iP3rpeAvHNJyiOu44OOb8ZpIUIaK4SDGjUUXkWxhV0TRndZsbcqRMH3D9OHO4iv4ihSIkkL/6dw==}
    cpu: [arm64]
    os: [win32]

  '@rslint/native-win32-x64-msvc@0.9.4':
    resolution: {integrity: sha512-LRB19+VowG6yTEZQBNNnxFwehEru7AvcIqWrukQVAMMm8bhZ4lje3Z9cuJhWV3VKBdIGUofn2ApDcb9Gomkxhw==}
    cpu: [x64]
    os: [win32]

  '@rspack/binding-darwin-arm64@2.2.8':
    resolution: {integrity: sha512-d6GuY/k7kJk7SOXmruIz0m+2fIXaLv2SnBHEYsbvBzE7ZO6QXq7fSABWFWNnSnNu+brYHA5Dr/skV81bXgTTCw==}
    cpu: [arm64]
    os: [darwin]

  '@rspack/binding-darwin-x64@2.2.8':
    resolution: {integrity: sha512-xCVou/jJASjEAjwy1T3hPJcJqA5QZASJfUwHqEk+nA0v44MagwH8tM8lsOvRfhzR7N2+YFac1rfZOUT8uM3awg==}
    cpu: [x64]
    os: [darwin]

  '@rspack/binding-linux-arm64-gnu@2.2.8':
    resolution: {integrity: sha512-Zy/ss6YAQTjOWKDkcWrbKtu+pySltqT22wn68nlrWKygPWLNmMdU5anlsnwRTIuQ3MF0YJRS42ARauVtlqvRQw==}
    cpu: [arm64]
    os: [linux]
    libc: [glibc]

  '@rspack/binding-linux-arm64-musl@2.2.8':
    resolution: {integrity: sha512-lxgp5O8PhL3St9p82llHoNoeWzp9jltW5S9F00p00XPJZHUIuxbwfLSzn/6Wg86USEmafLoBkyD9CM8rBd3SNQ==}
    cpu: [arm64]
    os: [linux]
    libc: [musl]

  '@rspack/binding-linux-ppc64-gnu@2.2.8':
    resolution: {integrity: sha512-MY+YqpT02tcDCMgHy+IewQsaz7ql4mbJaAqqMlTIqvQwAUl9dXEP7BL352OgCxm9VRebTldE5lK99A3wVd3zqA==}
    cpu: [ppc64]
    os: [linux]
    libc: [glibc]

  '@rspack/binding-linux-riscv64-gnu@2.2.8':
    resolution: {integrity: sha512-wmN9OigSGNGCKY+AOYaWI8LJcIi8qvs5KjueBueCKOnTV6MPIEujA75QZH1pehTTYKvdGv7r2EtUXUmWpn7/SQ==}
    cpu: [riscv64]
    os: [linux]
    libc: [glibc]

  '@rspack/binding-linux-riscv64-musl@2.2.8':
    resolution: {integrity: sha512-ZcQMYR10hLh581zs9MFnFFn0F7wyt5fkDffyukeMHJEoPJrbkfl6cQtsUdpQnZ+mYGYS5KydD1DT9/eMH65jjw==}
    cpu: [riscv64]
    os: [linux]
    libc: [musl]

  '@rspack/binding-linux-s390x-gnu@2.2.8':
    resolution: {integrity: sha512-ahBiE+Ir1FMYvStYicihhSJlS2YRagxtry0jWH8zW287o7C0eiHJ+pteJHHC15T5RJqm0j6w5TuwYe+F9AYxxg==}
    cpu: [s390x]
    os: [linux]
    libc: [glibc]

  '@rspack/binding-linux-x64-gnu@2.2.8':
    resolution: {integrity: sha512-dncEI515NoPXh3zzWk06Rb3mhSV76myiFKqXiJ8K4fVAe5x/RlweMhvPhHhm7RnIMeBld7BeStzOqj38XFsWGA==}
    cpu: [x64]
    os: [linux]
    libc: [glibc]

  '@rspack/binding-linux-x64-musl@2.2.8':
    resolution: {integrity: sha512-pfFyU03PjD0GaQG8zOQOHwq51rrJZetXjTGpMmz7iA1hq/f9lChJsDWrC8/7VXeQLwBofLZlOODqe8OM8OBzgA==}
    cpu: [x64]
    os: [linux]
    libc: [musl]

  '@rspack/binding-wasm32-wasi@2.2.8':
    resolution: {integrity: sha512-3mOJuZTrF56jOh/GD9chLMJKbzPZ6Ty2OIML7+lLz0Yk2XS/xWRfLn85Dmnkb/O6UF65x7+p8VPAIZlBtLTclw==}
    cpu: [wasm32]

  '@rspack/binding-win32-arm64-msvc@2.2.8':
    resolution: {integrity: sha512-Cu/RMZT/16s+67xhl6X1pswetL3GLSQl+LnugKRh08Ul21A/tR7vxC4g4aih4u9k5SXCAngxFUt8zAjKnHIBqA==}
    cpu: [arm64]
    os: [win32]

  '@rspack/binding-win32-ia32-msvc@2.2.8':
    resolution: {integrity: sha512-H/erd6di8OapZhhM0raA/7XduPn9jusfLMeO1XF+AmF9WF3HzHgMjha1j+KwtPgQnaH69w6AhY+G2472VIwQmw==}
    cpu: [ia32]
    os: [win32]

  '@rspack/binding-win32-x64-msvc@2.2.8':
    resolution: {integrity: sha512-BziHSUlIQM0MliCqdcHuBXSkQGtPoHQTXJce7fsgnTAzQFgPeog92qTNezYI4IrQ7pQouyiVJ2HPieUbVPRKQQ==}
    cpu: [x64]
    os: [win32]

  '@rspack/binding@2.2.8':
    resolution: {integrity: sha512-c9flkSua3khHnOKBCRk8BkHGOwU9YB7niv+5JfQXiLZIvJmgKsZ7PD8QrFklMhsJT3oVAc6c9GN7/wy1YkACjA==}

  '@rspack/core@2.2.8':
    resolution: {integrity: sha512-JugsVrnbMGNYzMH++7gR9enygpP/lAo9PbVRq3XmJg0ryIvCpST0XJjBcccaSjYaaPamsjrddihmgVLMFp+yXw==}
    engines: {node: ^20.19.0 || >=22.12.0}
    peerDependencies:
      '@module-federation/runtime-tools': ^0.24.1 || ^2.0.0
      '@swc/helpers': ^0.5.23
    peerDependenciesMeta:
      '@module-federation/runtime-tools':
        optional: true
      '@swc/helpers':
        optional: true

  '@rstest/core@0.12.3':
    resolution: {integrity: sha512-l548qraJA1ymaSRhftgl++HtRf4E5l0Hm8YbzcsrH0t8XIOSpAiXyhgJpeHuyM50fKcNkt1nnS532Y7QV1iwcQ==}
    engines: {node: ^20.19.0 || >=22.12.0}
    hasBin: true
    peerDependencies:
      happy-dom: ^20.8.3
      jsdom: '>=15.0.0'
    peerDependenciesMeta:
      happy-dom:
        optional: true
      jsdom:
        optional: true

  '@rstest/coverage-istanbul@0.12.3':
    resolution: {integrity: sha512-vxhGJmGS1sL8mFagfXw+TWHAxKT04yl2mODa6Kdf2Dmb3knIfAUxP8nkTtEg+UPZ2b64voB9uXIs1MDL6TRjZA==}
    peerDependencies:
      '@rstest/core': ^0.12.0

  '@swc/helpers@0.5.23':
    resolution: {integrity: sha512-5lSsMOTXURePglDfvuAQUqkGek9Hg2kksOYay2m0+XR++b2NWYL/4sWyuvVBIs8oKnJaxkdi9whaL/sqN13afw==}

  '@tybys/wasm-util@0.10.4':
    resolution: {integrity: sha512-W3c4gRigFS0T/Ma4qIYF3GDAc5AQdHb1yL5znJT1Zv1YaD9Kitx656wBjvr19qbiosmZT8lWDM5BEMynUqX65A==}

  '@types/chai@5.2.3':
    resolution: {integrity: sha512-Mw558oeA9fFbv65/y4mHtXDs9bPnFMZAL/jxdPFUpOHHIXX91mcgEHbS5Lahr+pwZFR8A7GQleRWeI6cGFC2UA==}

  '@types/deep-eql@4.0.2':
    resolution: {integrity: sha512-c9h9dVVMigMPc4bwTvC5dxqtqJZwQPePsWjPlpSOnojbor6pGqdk541lfA7AqFQr5pB1BRdq0juY9db81BwyFw==}

  '@types/node@26.6.4':
    resolution: {integrity: sha512-ldVPDCzj7fsaGZrLB0NuHuTvJcsNasysBAqMolr/cgxrLd1xbqxIr3XJiPnHHJUCxj5sNF1vnRj9aWnrVh5Jcg==}

  acorn-jsx-walk@2.0.0:
    resolution: {integrity: sha512-uuo6iJj4D4ygkdzd6jPtcxs8vZgDX9YFIkqczGImoypX2fQ4dVImmu3UzA4ynixCIMTrEOWW+95M2HuBaCEOVA==}

  acorn-jsx@5.3.2:
    resolution: {integrity: sha512-rq9s+JNhf0IChjtDXxllJ7g41oZk5SlXtp0LHwyA5cejwn7vKmKp4pPri6YEePv2PU65sAsegbXtIinmDFDXgQ==}
    peerDependencies:
      acorn: ^6.0.0 || ^7.0.0 || ^8.0.0

  acorn-loose@8.5.2:
    resolution: {integrity: sha512-PPvV6g8UGMGgjrMu+n/f9E/tCSkNQ2Y97eFvuVdJfG11+xdIeDcLyNdC8SHcrHbRqkfwLASdplyR6B6sKM1U4A==}
    engines: {node: '>=0.4.0'}

  acorn-walk@8.3.5:
    resolution: {integrity: sha512-HEHNfbars9v4pgpW6SO1KSPkfoS0xVOM/9UzkJltjlsHZmJasxg8aXkuZa7SMf8vKGIBhpUsPluQSqhJFCqebw==}
    engines: {node: '>=0.4.0'}

  acorn@8.18.0:
    resolution: {integrity: sha512-lGq+9yr1/GuAWaVYIHRjvvySG5/4VfKIvC8EWxStPdcDh/Ka7FG3twP6v4d5BkravUilhIAsG4Qj83t02LWUPQ==}
    engines: {node: '>=0.4.0'}
    hasBin: true

  ansi-styles@4.3.0:
    resolution: {integrity: sha512-zbB9rCJAT1rbjiVDb2hqKFHNYLxgtk8NURxZ3IZwD3F6NtxbXZQCnnSi1Lkx+IDohdPlFp222wVALIheZJQSEg==}
    engines: {node: '>=8'}

  assertion-error@2.0.1:
    resolution: {integrity: sha512-Izi8RQcffqCeNVgFigKli1ssklIbpHnCYc6AknXGYoB6grJqyeby7jv12JUQgmTAnIDnbck1uxksT4dzN3PWBA==}
    engines: {node: '>=12'}

  chalk@4.1.2:
    resolution: {integrity: sha512-oKnbhFyRIXpUuez8iBMmyEa4nbj4IOQyuhc/wy9kY7/WVPcwIO9VA668Pu8RkO7+0G76SLROeyw9CpQ061i4mA==}
    engines: {node: '>=10'}

  cjs-module-lexer@2.3.0:
    resolution: {integrity: sha512-lmNyBzi6iYiqyrExTctfmjd8tInx+dHu9PBomTfH5RXS53c27JMFJgzNv5TyAnm3PgGf+MLy0+Ws41/HlVxdKQ==}

  color-convert@2.0.1:
    resolution: {integrity: sha512-RRECPsj7iu/xb5oKYcsFHSppFNnsj/52OVTRKb4zP5onXwVF3zVmmToNcOfGC+CRDpfK/U584fMg38ZHCaElKQ==}
    engines: {node: '>=7.0.0'}

  color-name@1.1.4:
    resolution: {integrity: sha512-dOy+3AuW3a2wNbZHIuMZpTcgjGuLU/uBL/ubcZF9OXbDo8ff4O8yVp5Bf0efS8uEoYo5q4Fx7dY9OgQGXgAsQA==}

  commander@15.0.0:
    resolution: {integrity: sha512-z67u4ZhzCL/Tydu1lJARtEZYWbWaN7oYLHbsuzocr6y4N6WZAagG3RQ4FW61V1/0+jImpj293XfrcYnd1qxtPg==}
    engines: {node: '>=22.12.0'}

  date-fns@4.4.0:
    resolution: {integrity: sha512-+1UMbeh68lH1SegH83CGWwpb6OHHbpSgr3+s5Eww5M4CAgswBpoWS0AjTOfEJ33HiYKz1hdj/KTFprzXHmq/6w==}

  debug@4.4.3:
    resolution: {integrity: sha512-RGwwWnwQvkVfavKVt22FGLw+xYSdzARwm0ru6DhTVA3umU5hZc28V3kO4stgYryrTlLpuvgI9GiijltAjNbcqA==}
    engines: {node: '>=6.0'}
    peerDependencies:
      supports-color: '*'
    peerDependenciesMeta:
      supports-color:
        optional: true

  dependency-cruiser@18.5.0:
    resolution: {integrity: sha512-LFvJOvufjQ7XTucSI40NHqse0gcQBevDGkZabLAKcGwO+VWOywTqZ5EyFRYWSokNxvLOO7v6EXyNi+9I72oWUA==}
    engines: {node: ^22||^24||>=26}
    hasBin: true

  enhanced-resolve@5.26.0:
    resolution: {integrity: sha512-9vhedylFonb2YGogzUKX6+Ja72gOJbN1QHAqdrvqLwhdl/QWbKopzoUC9EbQNVsAns/bx/4uyqalrQAoy1IByw==}
    engines: {node: '>=10.13.0'}

  es-errors@1.3.0:
    resolution: {integrity: sha512-Zf5H2Kxt2xjTvbJvP2ZWLEICxA6j+hAmMzIlypy4xcBg1vKVnx89Wy0GbS+kf5cwCVFFzdCFh2XSCFNULS6csw==}
    engines: {node: '>= 0.4'}

  expect-type@1.4.0:
    resolution: {integrity: sha512-KfYbmpRm0VbLjEvVa9yGwCi9GI34xvi7A/HXYWQO65CSD2u3MczUJSuwXKFIxlGsgBQizV9q5J9NHj4VG0n+pA==}
    engines: {node: '>=12.0.0'}

  fast-check@4.10.2:
    resolution: {integrity: sha512-iK2f+YrcmoeGqk6fA0ea2bptcu/itMIm4NfEozq6N25+aG6h7s5HZbB/k1aV7b5w5sFLMCbbtRUsTVR+BgC3xw==}
    engines: {node: '>=12.17.0'}

  function-bind@1.1.2:
    resolution: {integrity: sha512-7XHNxH7qX9xG5mIwxkhumTox/MIRNcOgDrxWsMt2pAr23WHp6MrRlN7FBSFpCpr+oVO0F744iUgR82nJMfG2SA==}

  global-directory@4.0.1:
    resolution: {integrity: sha512-wHTUcDUoZ1H5/0iVqEudYW4/kAlN5cZ3j/bXn0Dpbizl9iaUVeWSHqiOjsgk6OW2bkLclbBjzewBz6weQ1zA2Q==}
    engines: {node: '>=18'}

  graceful-fs@4.2.11:
    resolution: {integrity: sha512-RbJ5/jmFcNNCcDV5o9eTnBLJ/HszWV0P73bc+Ff4nS/rJj+YaS6IGyiOL0VoBYX+l1Wrl3k63h/KrH+nhJ0XvQ==}

  has-flag@4.0.0:
    resolution: {integrity: sha512-EykJT/Q1KjTWctppgIAgfSO0tKVuZUjhgMr17kqTumMl6Afv3EISleU7qZUzoXDFTAHTDC4NOoG/ZxU3EvlMPQ==}
    engines: {node: '>=8'}

  hasown@2.0.4:
    resolution: {integrity: sha512-T2UbfbBEF32wiepXIsMlTW9+dDYC6wMh/t/vYA4tuOMKqWz/n3vr1NFSxQiyP+zk2mXsoMA/i/7qV6LKut1t1A==}
    engines: {node: '>= 0.4'}

  html-escaper@2.0.2:
    resolution: {integrity: sha512-H2iMtd0I4Mt5eYiapRdIDjp+XzelXQ0tFE4JS7YFwFevXXMmOp9myNrUvCg0D6ws8iqkRPBfKHgbwig1SmlLfg==}

  ignore@7.0.11:
    resolution: {integrity: sha512-YChdK5txDjwGUvgR7oCJcLGkwi3LDh8Zx8tS7ndYciLEg/oOCL26VUBSUEtgS7EjiybcBqFxh5j0rAdDX7/bbg==}
    engines: {node: '>= 4'}

  ini@4.1.1:
    resolution: {integrity: sha512-QQnnxNyfvmHFIsj7gkPcYymR8Jdw/o7mp5ZFihxn6h8Ci6fh3Dx4E1gPjpQEpIuPo9XVNY/ZUwh4BPMjGyL01g==}
    engines: {node: ^14.17.0 || ^16.13.0 || >=18.0.0}

  interpret@3.1.1:
    resolution: {integrity: sha512-6xwYfHbajpoF0xLW+iwLkhwgvLoZDfjYfoFNu8ftMoXINzwuymNLd9u/KmwtdT2GbR+/Cz66otEGEVVUHX9QLQ==}
    engines: {node: '>=10.13.0'}

  is-core-module@2.17.0:
    resolution: {integrity: sha512-J/vG0zBCbIKOQFfufSwyXdMrsohyJIUNkrnmo6WZGzoM7tr/lsbfW5b2BvisL6zsyMzK9UxV9L6c7AoFbyXHOA==}
    engines: {node: '>= 0.4'}

  is-installed-globally@1.0.1:
    resolution: {integrity: sha512-li88H4QGRoNMX27jEmY8nR515oJVspAgC/WFMlhHfFV8RJ4QyGpHhXnwAe9gH5RIgKmdYRUmrOhQobcgEjIdSw==}
    engines: {node: '>=18'}

  is-path-inside@4.0.0:
    resolution: {integrity: sha512-lJJV/5dYS+RcL8uQdBDW9c9uWFLLBNRyFhnAKXw5tVqLlKZ4RMGZKv+YQ/IA3OhD+RpbJa1LLFM1FQPGyIXvOA==}
    engines: {node: '>=12'}

  istanbul-lib-coverage@3.2.2:
    resolution: {integrity: sha512-O8dpsF+r0WV/8MNRKfnmrtCWhuKjxrq2w+jpzBL5UZKTi2LeVWnWOmWRxFlesJONmc+wLAGvKQZEOanko0LFTg==}
    engines: {node: '>=8'}

  istanbul-lib-report@3.0.1:
    resolution: {integrity: sha512-GCfE1mtsHGOELCU8e/Z7YWzpmybrx/+dSTfLrvY8qRmaY6zXTKWn6WQIjaAFw069icm6GVMNkgu0NzI4iPZUNw==}
    engines: {node: '>=10'}

  istanbul-lib-source-maps@5.0.6:
    resolution: {integrity: sha512-yg2d+Em4KizZC5niWhQaIomgf5WlL4vOOjZ5xGCmF8SnPE/mDWWXgvRExdcpCgh9lLRRa1/fSYp2ymmbJ1pI+A==}
    engines: {node: '>=10'}

  istanbul-reports@3.2.0:
    resolution: {integrity: sha512-HGYWWS/ehqTV3xN10i23tkPkpH46MLCIMFNCaaKNavAXTF1RkqxawEPtnjnGZ6XKSInBKkiOA5BKS+aZiY3AvA==}
    engines: {node: '>=8'}

  jiti@2.7.0:
    resolution: {integrity: sha512-AC/7JofJvZGrrneWNaEnJeOLUx+JlGt7tNa0wZiRPT4MY1wmfKjt2+6O2p2uz2+skll8OZZmJMNqeke7kKbNgQ==}
    hasBin: true

  json5@2.2.3:
    resolution: {integrity: sha512-XmOWe7eyHYH14cLdVPoyg+GOH3rYX++KpzrylJwSW98t3Nk+U8XOl8FWKOgwtzdb8lXGf6zYwDUzeHMWfxasyg==}
    engines: {node: '>=6'}
    hasBin: true

  kleur@3.0.3:
    resolution: {integrity: sha512-eTIzlVOSUR+JxdDFepEYcBMtZ9Qqdef+rnzWdRZuMbOywu5tO2w2N7rqjoANZ5k9vywhL6Br1VRjUIgTQx4E8w==}
    engines: {node: '>=6'}

  make-dir@4.0.0:
    resolution: {integrity: sha512-hXdUTZYIVOt1Ex//jAQi+wTZZpUpwBj/0QsOzqegb3rGMMeJiSEu5xLHnYfBrRV4RH2+OCSOO95Is/7x1WJ4bw==}
    engines: {node: '>=10'}

  minimist@1.2.8:
    resolution: {integrity: sha512-2yyAR8qBkN3YuheJanUpWC5U3bb5osDywNB8RzDVlDwDHbocAJveqqj1u8+SVD7jkWT4yvsHCpWqqWqAxb0zCA==}

  ms@2.1.3:
    resolution: {integrity: sha512-6FlzubTLZG3J2a/NVCAleEhjzq5oxgHyaCU9yYXvcLsvoVaHJq/s5xXI6/XXP6tz7R9xAOtHnSO/tXtF3WRTlA==}

  path-parse@1.0.7:
    resolution: {integrity: sha512-LDJzPVEEEPR+y48z93A0Ed0yXb8pAByGWo/k5YYdYgpY2/2EsOsksJrq7lOHxryrVOn1ejG6oAp8ahvOIQD8sw==}

  picomatch@4.0.7:
    resolution: {integrity: sha512-qcJu88Q2IWqJsDD529JKMdwGm/dvInW4HvQnRwiH9JtihJvzGOscDtHE3x1pBKeUOTysQ8kVmLnJ2kJu7yhcGA==}
    engines: {node: '>=12'}

  prettier@3.9.9:
    resolution: {integrity: sha512-Z/CJHIkdujO/OtN7nXUii0Rf3VT5SRuhjBA82Xvu2XhBUgX3nhP67T0LHceBdQLex7OOFGTox+Q5Yg8Jk2Qivg==}
    engines: {node: '>=14'}
    hasBin: true

  prompts@2.4.2:
    resolution: {integrity: sha512-NxNv/kLguCA7p3jE8oL2aEBsrJWgAakBpgmgK6lpPWV+WuOmY6r2/zbAVnP+T8bQlA0nzHXSJSJW0Hq7ylaD2Q==}
    engines: {node: '>= 6'}

  pure-rand@8.4.2:
    resolution: {integrity: sha512-vvuOGgcuPJAirlHvuQw1TrOiw7ptaIXXmIbNuiNOY6lNGJJH49PQ1Kj4nd783nPdQhQdicgOjVI2yI/9BD6/Ng==}

  rechoir@0.8.0:
    resolution: {integrity: sha512-/vxpCXddiX8NGfGO/mTafwjq4aFa/71pvamip0++IQk3zG8cbCj0fifNPrjjF1XMXUne91jL9OoxmdykoEtifQ==}
    engines: {node: '>= 10.13.0'}

  regexp-tree@0.1.27:
    resolution: {integrity: sha512-iETxpjK6YoRWJG5o6hXLwvjYAoW+FEZn9os0PD/b6AP6xQwsa/Y7lCVgIixBbUPMfhu+i2LtdeAqVTgGlQarfA==}
    hasBin: true

  resolve@1.22.12:
    resolution: {integrity: sha512-TyeJ1zif53BPfHootBGwPRYT1RUt6oGWsaQr8UyZW/eAm9bKoijtvruSDEmZHm92CwS9nj7/fWttqPCgzep8CA==}
    engines: {node: '>= 0.4'}
    hasBin: true

  safe-regex@2.1.1:
    resolution: {integrity: sha512-rx+x8AMzKb5Q5lQ95Zoi6ZbJqwCLkqi3XuJXp5P3rT8OEc6sZCJG5AE5dU3lsgRr/F4Bs31jSlVN+j5KrsGu9A==}

  semver@7.8.5:
    resolution: {integrity: sha512-Y7/KDsb8LjooZpwaqGyulO6DQlksgCncchHGk+sZIY4SBvUocMBEFH5Ur1fI4dV+Jvl0w6cjvucaIi40puRioA==}
    engines: {node: '>=10'}
    hasBin: true

  sisteransi@1.0.5:
    resolution: {integrity: sha512-bLGGlR1QxBcynn2d5YmDX4MGjlZvy2MRBDRNHLJ8VI6l6+9FUiyTFNJ0IveOSP0bcXgVDPRcfGqA0pjaqUpfVg==}

  strip-bom@3.0.0:
    resolution: {integrity: sha512-vavAMRXOgBVNF6nyEEmL3DBK19iRpDcoIwW+swQ+CbGiu7lju6t+JklA1MHweoWtadgt4ISVUsXLyDq34ddcwA==}
    engines: {node: '>=4'}

  supports-color@7.2.0:
    resolution: {integrity: sha512-qpCAvRl9stuOHveKsn7HncJRvv501qIacKzQlO/+Lwxc9+0q2wLyv4Dfvt80/DPn2pqOBsJdDiogXGR9+OvwRw==}
    engines: {node: '>=8'}

  supports-preserve-symlinks-flag@1.0.0:
    resolution: {integrity: sha512-ot0WnXS9fgdkgIcePe6RHNk1WA8+muPa6cSjeR3V8K27q9BB1rTE3R1p7Hv0z1ZyAc8s6Vvv8DIyWf681MAt0w==}
    engines: {node: '>= 0.4'}

  swc-plugin-coverage-instrument@0.0.33:
    resolution: {integrity: sha512-zM17DgG3jURPNOrEHye0MtrkrsZ9BtCMf3W5osQTHAtlNolfDUtZl7740wdx7XhUSL322qdph//DgHzZe62wHg==}

  tapable@2.3.3:
    resolution: {integrity: sha512-uxc/zpqFg6x7C8vOE7lh6Lbda8eEL9zmVm/PLeTPBRhh1xCgdWaQ+J1CUieGpIfm2HdtsUpRv+HshiasBMcc6A==}
    engines: {node: '>=6'}

  tsconfig-paths-webpack-plugin@4.2.0:
    resolution: {integrity: sha512-zbem3rfRS8BgeNK50Zz5SIQgXzLafiHjOwUAvk/38/o1jHn/V5QAgVUcz884or7WYcPaH3N2CIfUc2u0ul7UcA==}
    engines: {node: '>=10.13.0'}

  tsconfig-paths@4.2.0:
    resolution: {integrity: sha512-NoZ4roiN7LnbKn9QqE1amc9DJfzvZXxF4xDavcOWt1BPkdx+m+0gJuPM+S0vCe7zTJMYUP0R8pO2XMr+Y8oLIg==}
    engines: {node: '>=6'}

  tslib@2.8.1:
    resolution: {integrity: sha512-oJFu94HQb+KVduSUQL7wnpmqnfmLsOA/nAh6b6EH0wCEoK0/mPeXU6c3wKDV83MkOuHPRHtSXKKU99IBazS/2w==}

  typescript@6.0.3:
    resolution: {integrity: sha512-y2TvuxSZPDyQakkFRPZHKFm+KKVqIisdg9/CZwm9ftvKXLP8NRWj38/ODjNbr43SsoXqNuAisEf1GdCxqWcdBw==}
    engines: {node: '>=14.17'}
    hasBin: true

  undici-types@8.9.0:
    resolution: {integrity: sha512-KTDyRTYX8sWmKXAikPHHSyc63CRPETMctyjKFupcC6OBLXT3xsN0e9aF7m+mIXutFWpUXuedtowG7iLOzp0kQg==}

  watskeburt@6.0.0:
    resolution: {integrity: sha512-jfiuDABaxSkC71T6oZ3vCS99roYkSHm/+As+G0Dz8taAHQb+SJBvLEm5RlsgG71XdfAj3rv7eudUBTgwcQUPlQ==}
    engines: {node: ^22.13||^24||>=26}
    hasBin: true

  zod@4.6.5:
    resolution: {integrity: sha512-v5l/aFXZQeai4awLbOpSoHecE9UiMrnfx75tEXLjNonXVARxQ5mOeipTjROUchszUNCqnE+hqAMujRsRHsut2Q==}

snapshots:

  '@date-fns/utc@2.1.1': {}

  '@emnapi/core@1.11.3':
    dependencies:
      '@emnapi/wasi-threads': 1.2.3
      tslib: 2.8.1
    optional: true

  '@emnapi/runtime@1.11.3':
    dependencies:
      tslib: 2.8.1
    optional: true

  '@emnapi/wasi-threads@1.2.3':
    dependencies:
      tslib: 2.8.1
    optional: true

  '@jridgewell/resolve-uri@3.1.2': {}

  '@jridgewell/sourcemap-codec@1.6.0': {}

  '@jridgewell/trace-mapping@0.3.31':
    dependencies:
      '@jridgewell/resolve-uri': 3.1.2
      '@jridgewell/sourcemap-codec': 1.6.0

  '@napi-rs/wasm-runtime@1.1.6(@emnapi/core@1.11.3)(@emnapi/runtime@1.11.3)':
    dependencies:
      '@emnapi/core': 1.11.3
      '@emnapi/runtime': 1.11.3
      '@tybys/wasm-util': 0.10.4
    optional: true

  '@rsbuild/core@2.2.11':
    dependencies:
      '@rspack/core': 2.2.8(@swc/helpers@0.5.23)
      '@swc/helpers': 0.5.23
    transitivePeerDependencies:
      - '@module-federation/runtime-tools'

  '@rslint/core@0.9.4(jiti@2.7.0)':
    dependencies:
      picomatch: 4.0.7
    optionalDependencies:
      '@rslint/native-darwin-arm64': 0.9.4
      '@rslint/native-darwin-x64': 0.9.4
      '@rslint/native-linux-arm64-gnu': 0.9.4
      '@rslint/native-linux-arm64-musl': 0.9.4
      '@rslint/native-linux-x64-gnu': 0.9.4
      '@rslint/native-linux-x64-musl': 0.9.4
      '@rslint/native-win32-arm64-msvc': 0.9.4
      '@rslint/native-win32-x64-msvc': 0.9.4
      jiti: 2.7.0

  '@rslint/native-darwin-arm64@0.9.4':
    optional: true

  '@rslint/native-darwin-x64@0.9.4':
    optional: true

  '@rslint/native-linux-arm64-gnu@0.9.4':
    optional: true

  '@rslint/native-linux-arm64-musl@0.9.4':
    optional: true

  '@rslint/native-linux-x64-gnu@0.9.4':
    optional: true

  '@rslint/native-linux-x64-musl@0.9.4':
    optional: true

  '@rslint/native-win32-arm64-msvc@0.9.4':
    optional: true

  '@rslint/native-win32-x64-msvc@0.9.4':
    optional: true

  '@rspack/binding-darwin-arm64@2.2.8':
    optional: true

  '@rspack/binding-darwin-x64@2.2.8':
    optional: true

  '@rspack/binding-linux-arm64-gnu@2.2.8':
    optional: true

  '@rspack/binding-linux-arm64-musl@2.2.8':
    optional: true

  '@rspack/binding-linux-ppc64-gnu@2.2.8':
    optional: true

  '@rspack/binding-linux-riscv64-gnu@2.2.8':
    optional: true

  '@rspack/binding-linux-riscv64-musl@2.2.8':
    optional: true

  '@rspack/binding-linux-s390x-gnu@2.2.8':
    optional: true

  '@rspack/binding-linux-x64-gnu@2.2.8':
    optional: true

  '@rspack/binding-linux-x64-musl@2.2.8':
    optional: true

  '@rspack/binding-wasm32-wasi@2.2.8':
    dependencies:
      '@emnapi/core': 1.11.3
      '@emnapi/runtime': 1.11.3
      '@napi-rs/wasm-runtime': 1.1.6(@emnapi/core@1.11.3)(@emnapi/runtime@1.11.3)
    optional: true

  '@rspack/binding-win32-arm64-msvc@2.2.8':
    optional: true

  '@rspack/binding-win32-ia32-msvc@2.2.8':
    optional: true

  '@rspack/binding-win32-x64-msvc@2.2.8':
    optional: true

  '@rspack/binding@2.2.8':
    optionalDependencies:
      '@rspack/binding-darwin-arm64': 2.2.8
      '@rspack/binding-darwin-x64': 2.2.8
      '@rspack/binding-linux-arm64-gnu': 2.2.8
      '@rspack/binding-linux-arm64-musl': 2.2.8
      '@rspack/binding-linux-ppc64-gnu': 2.2.8
      '@rspack/binding-linux-riscv64-gnu': 2.2.8
      '@rspack/binding-linux-riscv64-musl': 2.2.8
      '@rspack/binding-linux-s390x-gnu': 2.2.8
      '@rspack/binding-linux-x64-gnu': 2.2.8
      '@rspack/binding-linux-x64-musl': 2.2.8
      '@rspack/binding-wasm32-wasi': 2.2.8
      '@rspack/binding-win32-arm64-msvc': 2.2.8
      '@rspack/binding-win32-ia32-msvc': 2.2.8
      '@rspack/binding-win32-x64-msvc': 2.2.8

  '@rspack/core@2.2.8(@swc/helpers@0.5.23)':
    dependencies:
      '@rspack/binding': 2.2.8
    optionalDependencies:
      '@swc/helpers': 0.5.23

  '@rstest/core@0.12.3':
    dependencies:
      '@rsbuild/core': 2.2.11
      '@types/chai': 5.2.3
      cjs-module-lexer: 2.3.0
    transitivePeerDependencies:
      - '@module-federation/runtime-tools'
      - core-js

  '@rstest/coverage-istanbul@0.12.3(@rstest/core@0.12.3)(supports-color@7.2.0)':
    dependencies:
      '@rstest/core': 0.12.3
      istanbul-lib-coverage: 3.2.2
      istanbul-lib-report: 3.0.1
      istanbul-lib-source-maps: 5.0.6(supports-color@7.2.0)
      istanbul-reports: 3.2.0
      swc-plugin-coverage-instrument: 0.0.33
    transitivePeerDependencies:
      - supports-color

  '@swc/helpers@0.5.23':
    dependencies:
      tslib: 2.8.1

  '@tybys/wasm-util@0.10.4':
    dependencies:
      tslib: 2.8.1
    optional: true

  '@types/chai@5.2.3':
    dependencies:
      '@types/deep-eql': 4.0.2
      assertion-error: 2.0.1

  '@types/deep-eql@4.0.2': {}

  '@types/node@26.6.4':
    dependencies:
      undici-types: 8.9.0

  acorn-jsx-walk@2.0.0: {}

  acorn-jsx@5.3.2(acorn@8.18.0):
    dependencies:
      acorn: 8.18.0

  acorn-loose@8.5.2:
    dependencies:
      acorn: 8.18.0

  acorn-walk@8.3.5:
    dependencies:
      acorn: 8.18.0

  acorn@8.18.0: {}

  ansi-styles@4.3.0:
    dependencies:
      color-convert: 2.0.1

  assertion-error@2.0.1: {}

  chalk@4.1.2:
    dependencies:
      ansi-styles: 4.3.0
      supports-color: 7.2.0

  cjs-module-lexer@2.3.0: {}

  color-convert@2.0.1:
    dependencies:
      color-name: 1.1.4

  color-name@1.1.4: {}

  commander@15.0.0: {}

  date-fns@4.4.0: {}

  debug@4.4.3(supports-color@7.2.0):
    dependencies:
      ms: 2.1.3
    optionalDependencies:
      supports-color: 7.2.0

  dependency-cruiser@18.5.0:
    dependencies:
      acorn: 8.18.0
      acorn-jsx: 5.3.2(acorn@8.18.0)
      acorn-jsx-walk: 2.0.0
      acorn-loose: 8.5.2
      acorn-walk: 8.3.5
      commander: 15.0.0
      enhanced-resolve: 5.26.0
      ignore: 7.0.11
      interpret: 3.1.1
      is-installed-globally: 1.0.1
      json5: 2.2.3
      picomatch: 4.0.7
      prompts: 2.4.2
      rechoir: 0.8.0
      safe-regex: 2.1.1
      semver: 7.8.5
      tsconfig-paths-webpack-plugin: 4.2.0
      watskeburt: 6.0.0

  enhanced-resolve@5.26.0:
    dependencies:
      graceful-fs: 4.2.11
      tapable: 2.3.3

  es-errors@1.3.0: {}

  expect-type@1.4.0: {}

  fast-check@4.10.2:
    dependencies:
      pure-rand: 8.4.2

  function-bind@1.1.2: {}

  global-directory@4.0.1:
    dependencies:
      ini: 4.1.1

  graceful-fs@4.2.11: {}

  has-flag@4.0.0: {}

  hasown@2.0.4:
    dependencies:
      function-bind: 1.1.2

  html-escaper@2.0.2: {}

  ignore@7.0.11: {}

  ini@4.1.1: {}

  interpret@3.1.1: {}

  is-core-module@2.17.0:
    dependencies:
      hasown: 2.0.4

  is-installed-globally@1.0.1:
    dependencies:
      global-directory: 4.0.1
      is-path-inside: 4.0.0

  is-path-inside@4.0.0: {}

  istanbul-lib-coverage@3.2.2: {}

  istanbul-lib-report@3.0.1:
    dependencies:
      istanbul-lib-coverage: 3.2.2
      make-dir: 4.0.0
      supports-color: 7.2.0

  istanbul-lib-source-maps@5.0.6(supports-color@7.2.0):
    dependencies:
      '@jridgewell/trace-mapping': 0.3.31
      debug: 4.4.3(supports-color@7.2.0)
      istanbul-lib-coverage: 3.2.2
    transitivePeerDependencies:
      - supports-color

  istanbul-reports@3.2.0:
    dependencies:
      html-escaper: 2.0.2
      istanbul-lib-report: 3.0.1

  jiti@2.7.0: {}

  json5@2.2.3: {}

  kleur@3.0.3: {}

  make-dir@4.0.0:
    dependencies:
      semver: 7.8.5

  minimist@1.2.8: {}

  ms@2.1.3: {}

  path-parse@1.0.7: {}

  picomatch@4.0.7: {}

  prettier@3.9.9: {}

  prompts@2.4.2:
    dependencies:
      kleur: 3.0.3
      sisteransi: 1.0.5

  pure-rand@8.4.2: {}

  rechoir@0.8.0:
    dependencies:
      resolve: 1.22.12

  regexp-tree@0.1.27: {}

  resolve@1.22.12:
    dependencies:
      es-errors: 1.3.0
      is-core-module: 2.17.0
      path-parse: 1.0.7
      supports-preserve-symlinks-flag: 1.0.0

  safe-regex@2.1.1:
    dependencies:
      regexp-tree: 0.1.27

  semver@7.8.5: {}

  sisteransi@1.0.5: {}

  strip-bom@3.0.0: {}

  supports-color@7.2.0:
    dependencies:
      has-flag: 4.0.0

  supports-preserve-symlinks-flag@1.0.0: {}

  swc-plugin-coverage-instrument@0.0.33: {}

  tapable@2.3.3: {}

  tsconfig-paths-webpack-plugin@4.2.0:
    dependencies:
      chalk: 4.1.2
      enhanced-resolve: 5.26.0
      tapable: 2.3.3
      tsconfig-paths: 4.2.0

  tsconfig-paths@4.2.0:
    dependencies:
      json5: 2.2.3
      minimist: 1.2.8
      strip-bom: 3.0.0

  tslib@2.8.1: {}

  typescript@6.0.3: {}

  undici-types@8.9.0: {}

  watskeburt@6.0.0: {}

  zod@4.6.5: {}
